
Microsoft Visual Studio Solution File, Format Version 12.00
# Visual Studio 2015
Project("{FAE04EC0-301F-11D3-BF4B-00C04F79EFBC}") = "UltraFlow", "UltraFlow.csproj", "{7FEBCC7C-5EFA-77D4-E850-ADA047436670}"
EndProject
Project("{FAE04EC0-301F-11D3-BF4B-00C04F79EFBC}") = "UltraFlow.Editor", "UltraFlow.Editor.csproj", "{1514C6FB-AAC9-A491-4BCB-D5281B8B862B}"
EndProject
Global
	GlobalSection(SolutionConfigurationPlatforms) = preSolution
		Debug|Any CPU = Debug|Any CPU
		Release|Any CPU = Release|Any CPU
	EndGlobalSection
	GlobalSection(ProjectConfigurationPlatforms) = postSolution
		{7FEBCC7C-5EFA-77D4-E850-ADA047436670}.Debug|Any CPU.ActiveCfg = Debug|Any CPU
		{7FEBCC7C-5EFA-77D4-E850-ADA047436670}.Debug|Any CPU.Build.0 = Debug|Any CPU
		{7FEBCC7C-5EFA-77D4-E850-ADA047436670}.Release|Any CPU.ActiveCfg = Release|Any CPU
		{7FEBCC7C-5EFA-77D4-E850-ADA047436670}.Release|Any CPU.Build.0 = Release|Any CPU
		{1514C6FB-AAC9-A491-4BCB-D5281B8B862B}.Debug|Any CPU.ActiveCfg = Debug|Any CPU
		{1514C6FB-AAC9-A491-4BCB-D5281B8B862B}.Debug|Any CPU.Build.0 = Debug|Any CPU
		{1514C6FB-AAC9-A491-4BCB-D5281B8B862B}.Release|Any CPU.ActiveCfg = Release|Any CPU
		{1514C6FB-AAC9-A491-4BCB-D5281B8B862B}.Release|Any CPU.Build.0 = Release|Any CPU
	EndGlobalSection
	GlobalSection(SolutionProperties) = preSolution
		HideSolutionNode = FALSE
	EndGlobalSection
EndGlobal
