
Microsoft Visual Studio Solution File, Format Version 12.00
# Visual Studio 2017
Project("{FAE04EC0-301F-11D3-BF4B-00C04F79EFBC}") = "TapTitan06_02", "TapTitan06_02.csproj", "{992A4001-178B-5800-5637-2C40E4F4E47E}"
EndProject
Project("{FAE04EC0-301F-11D3-BF4B-00C04F79EFBC}") = "TapTitan06_02.Editor", "TapTitan06_02.Editor.csproj", "{59B68DA1-5502-6241-0B77-3A85575BC1D5}"
EndProject
Global
	GlobalSection(SolutionConfigurationPlatforms) = preSolution
		Debug|Any CPU = Debug|Any CPU
		Release|Any CPU = Release|Any CPU
	EndGlobalSection
	GlobalSection(ProjectConfigurationPlatforms) = postSolution
		{992A4001-178B-5800-5637-2C40E4F4E47E}.Debug|Any CPU.ActiveCfg = Debug|Any CPU
		{992A4001-178B-5800-5637-2C40E4F4E47E}.Debug|Any CPU.Build.0 = Debug|Any CPU
		{992A4001-178B-5800-5637-2C40E4F4E47E}.Release|Any CPU.ActiveCfg = Release|Any CPU
		{992A4001-178B-5800-5637-2C40E4F4E47E}.Release|Any CPU.Build.0 = Release|Any CPU
		{59B68DA1-5502-6241-0B77-3A85575BC1D5}.Debug|Any CPU.ActiveCfg = Debug|Any CPU
		{59B68DA1-5502-6241-0B77-3A85575BC1D5}.Debug|Any CPU.Build.0 = Debug|Any CPU
		{59B68DA1-5502-6241-0B77-3A85575BC1D5}.Release|Any CPU.ActiveCfg = Release|Any CPU
		{59B68DA1-5502-6241-0B77-3A85575BC1D5}.Release|Any CPU.Build.0 = Release|Any CPU
	EndGlobalSection
	GlobalSection(SolutionProperties) = preSolution
		HideSolutionNode = FALSE
	EndGlobalSection
EndGlobal
