<?xml version="1.0" encoding="utf-8"?>
<Project ToolsVersion="4.0" xmlns="http://schemas.microsoft.com/developer/msbuild/2003">
  <ItemGroup>
    <Filter Include="소스 파일">
      <UniqueIdentifier>{4FC737F1-C7A5-4376-A066-2A32D752A2FF}</UniqueIdentifier>
      <Extensions>cpp;c;cc;cxx;def;odl;idl;hpj;bat;asm;asmx</Extensions>
    </Filter>
    <Filter Include="헤더 파일">
      <UniqueIdentifier>{93995380-89BD-4b04-88EB-625FBE52EBFB}</UniqueIdentifier>
      <Extensions>h;hh;hpp;hxx;hm;inl;inc;xsd</Extensions>
    </Filter>
    <Filter Include="리소스 파일">
      <UniqueIdentifier>{67DA6AB6-F800-4c08-8B7A-83BB121AAD01}</UniqueIdentifier>
      <Extensions>rc;ico;cur;bmp;dlg;rc2;rct;bin;rgs;gif;jpg;jpeg;jpe;resx;tiff;tif;png;wav;mfcribbon-ms</Extensions>
    </Filter>
    <Filter Include="Game">
      <UniqueIdentifier>{d8fe3a44-5946-44ae-b17a-3c60b57f8a21}</UniqueIdentifier>
    </Filter>
    <Filter Include="Game\Manager">
      <UniqueIdentifier>{3ed59af7-7be0-47e1-a99c-71a682a1539a}</UniqueIdentifier>
    </Filter>
    <Filter Include="Game\Object">
      <UniqueIdentifier>{19fe07c3-cc43-4b83-9a63-a590f1ab4278}</UniqueIdentifier>
    </Filter>
    <Filter Include="Game\Manager\Render">
      <UniqueIdentifier>{7c32002c-3b78-4e58-a8cf-49fc33cc4dcf}</UniqueIdentifier>
    </Filter>
    <Filter Include="Game\Object\Base">
      <UniqueIdentifier>{6abc65f7-70fa-46a0-aff1-9021003b2a4b}</UniqueIdentifier>
    </Filter>
    <Filter Include="Game\Object\Enemy">
      <UniqueIdentifier>{503144d4-52ba-48bf-b630-5f3a49983da3}</UniqueIdentifier>
    </Filter>
    <Filter Include="Game\Object\Scene">
      <UniqueIdentifier>{9c1f842a-9d1c-4925-9139-916c12248308}</UniqueIdentifier>
    </Filter>
  </ItemGroup>
  <ItemGroup>
    <ClCompile Include="WindowMgr.cpp">
      <Filter>Game\Manager</Filter>
    </ClCompile>
    <ClCompile Include="WinMain.cpp">
      <Filter>Game</Filter>
    </ClCompile>
    <ClCompile Include="GameMgr.cpp">
      <Filter>Game\Manager</Filter>
    </ClCompile>
    <ClCompile Include="FrameCheckMgr.cpp">
      <Filter>Game\Manager</Filter>
    </ClCompile>
    <ClCompile Include="Map.cpp">
      <Filter>Game\Object</Filter>
    </ClCompile>
    <ClCompile Include="Player.cpp">
      <Filter>Game\Object</Filter>
    </ClCompile>
    <ClCompile Include="Time.cpp">
      <Filter>Game\Manager</Filter>
    </ClCompile>
    <ClCompile Include="Bullet.cpp">
      <Filter>Game\Object</Filter>
    </ClCompile>
    <ClCompile Include="Explosion.cpp">
      <Filter>Game\Object</Filter>
    </ClCompile>
    <ClCompile Include="Image.cpp">
      <Filter>Game\Manager\Render</Filter>
    </ClCompile>
    <ClCompile Include="ImageMgr.cpp">
      <Filter>Game\Manager\Render</Filter>
    </ClCompile>
    <ClCompile Include="Singleton.cpp">
      <Filter>Game\Manager</Filter>
    </ClCompile>
    <ClCompile Include="BaseTransform.cpp">
      <Filter>Game\Object\Base</Filter>
    </ClCompile>
    <ClCompile Include="BaseImageObject.cpp">
      <Filter>Game\Object\Base</Filter>
    </ClCompile>
    <ClCompile Include="BaseCollObject.cpp">
      <Filter>Game\Object\Base</Filter>
    </ClCompile>
    <ClCompile Include="CollisionMgr.cpp">
      <Filter>Game\Manager</Filter>
    </ClCompile>
    <ClCompile Include="EnemyMgr.cpp">
      <Filter>Game\Manager</Filter>
    </ClCompile>
    <ClCompile Include="EffectMgr.cpp">
      <Filter>Game\Manager</Filter>
    </ClCompile>
    <ClCompile Include="Enemy.cpp">
      <Filter>Game\Object\Enemy</Filter>
    </ClCompile>
    <ClCompile Include="BulletEnemy.cpp">
      <Filter>Game\Object\Enemy</Filter>
    </ClCompile>
    <ClCompile Include="RotateEnemy.cpp">
      <Filter>Game\Object\Enemy</Filter>
    </ClCompile>
    <ClCompile Include="BossEnemy.cpp">
      <Filter>Game\Object\Enemy</Filter>
    </ClCompile>
    <ClCompile Include="HUDBar.cpp">
      <Filter>Game\Object</Filter>
    </ClCompile>
    <ClCompile Include="BaseTargetObject.cpp">
      <Filter>Game\Object\Base</Filter>
    </ClCompile>
    <ClCompile Include="GameScene.cpp">
      <Filter>Game\Object\Scene</Filter>
    </ClCompile>
    <ClCompile Include="BaseScene.cpp">
      <Filter>Game\Object\Scene</Filter>
    </ClCompile>
    <ClCompile Include="EndingScene.cpp">
      <Filter>Game\Object\Scene</Filter>
    </ClCompile>
    <ClCompile Include="StartScene.cpp">
      <Filter>Game\Object\Scene</Filter>
    </ClCompile>
  </ItemGroup>
  <ItemGroup>
    <ClInclude Include="WindowMgr.h">
      <Filter>Game\Manager</Filter>
    </ClInclude>
    <ClInclude Include="GameCommon.h">
      <Filter>Game</Filter>
    </ClInclude>
    <ClInclude Include="GameMgr.h">
      <Filter>Game\Manager</Filter>
    </ClInclude>
    <ClInclude Include="FrameCheckMgr.h">
      <Filter>Game\Manager</Filter>
    </ClInclude>
    <ClInclude Include="Map.h">
      <Filter>Game\Object</Filter>
    </ClInclude>
    <ClInclude Include="Player.h">
      <Filter>Game\Object</Filter>
    </ClInclude>
    <ClInclude Include="Time.h">
      <Filter>Game\Manager</Filter>
    </ClInclude>
    <ClInclude Include="Bullet.h">
      <Filter>Game\Object</Filter>
    </ClInclude>
    <ClInclude Include="Explosion.h">
      <Filter>Game\Object</Filter>
    </ClInclude>
    <ClInclude Include="Image.h">
      <Filter>Game\Manager\Render</Filter>
    </ClInclude>
    <ClInclude Include="ImageMgr.h">
      <Filter>Game\Manager\Render</Filter>
    </ClInclude>
    <ClInclude Include="Singleton.h">
      <Filter>Game\Manager</Filter>
    </ClInclude>
    <ClInclude Include="BaseTransform.h">
      <Filter>Game\Object\Base</Filter>
    </ClInclude>
    <ClInclude Include="BaseImageObject.h">
      <Filter>Game\Object\Base</Filter>
    </ClInclude>
    <ClInclude Include="BaseCollObject.h">
      <Filter>Game\Object\Base</Filter>
    </ClInclude>
    <ClInclude Include="CollisionMgr.h">
      <Filter>Game\Manager</Filter>
    </ClInclude>
    <ClInclude Include="EnemyMgr.h">
      <Filter>Game\Manager</Filter>
    </ClInclude>
    <ClInclude Include="EffectMgr.h">
      <Filter>Game\Manager</Filter>
    </ClInclude>
    <ClInclude Include="Enemy.h">
      <Filter>Game\Object\Enemy</Filter>
    </ClInclude>
    <ClInclude Include="BulletEnemy.h">
      <Filter>Game\Object\Enemy</Filter>
    </ClInclude>
    <ClInclude Include="RotateEnemy.h">
      <Filter>Game\Object\Enemy</Filter>
    </ClInclude>
    <ClInclude Include="BossEnemy.h">
      <Filter>Game\Object\Enemy</Filter>
    </ClInclude>
    <ClInclude Include="HUDBar.h">
      <Filter>Game\Object</Filter>
    </ClInclude>
    <ClInclude Include="BaseTargetObject.h">
      <Filter>Game\Object\Base</Filter>
    </ClInclude>
    <ClInclude Include="GameScene.h">
      <Filter>Game\Object\Scene</Filter>
    </ClInclude>
    <ClInclude Include="BaseScene.h">
      <Filter>Game\Object\Scene</Filter>
    </ClInclude>
    <ClInclude Include="EndingScene.h">
      <Filter>Game\Object\Scene</Filter>
    </ClInclude>
    <ClInclude Include="StartScene.h">
      <Filter>Game\Object\Scene</Filter>
    </ClInclude>
  </ItemGroup>
</Project>